// !$*UTF8*$!
{
	archiveVersion = 1;
	classes = {
	};
	objectVersion = 55;
	objects = {

/* Begin PBXBuildFile section */
		22211C51281D699C00EF511E /* Extension_ButtonModifier.swift in Sources */ = {isa = PBXBuildFile; fileRef = 22211C50281D699C00EF511E /* Extension_ButtonModifier.swift */; };
		22211C53281D6A6400EF511E /* StarterView.swift in Sources */ = {isa = PBXBuildFile; fileRef = 22211C52281D6A6400EF511E /* StarterView.swift */; };
		228E3B06281E5DE200D93520 /* TimeCounter.swift in Sources */ = {isa = PBXBuildFile; fileRef = 228E3B05281E5DE200D93520 /* TimeCounter.swift */; };
		228E3B0C281E6B2600D93520 /* StorageManager.swift in Sources */ = {isa = PBXBuildFile; fileRef = 228E3B0B281E6B2600D93520 /* StorageManager.swift */; };
		22BC4865281D51DB00A31EA5 /* Lesson_3_3_TimeCounterApp.swift in Sources */ = {isa = PBXBuildFile; fileRef = 22BC4864281D51DB00A31EA5 /* Lesson_3_3_TimeCounterApp.swift */; };
		22BC4867281D51DB00A31EA5 /* LoginView.swift in Sources */ = {isa = PBXBuildFile; fileRef = 22BC4866281D51DB00A31EA5 /* LoginView.swift */; };
		22BC4869281D51DD00A31EA5 /* Assets.xcassets in Resources */ = {isa = PBXBuildFile; fileRef = 22BC4868281D51DD00A31EA5 /* Assets.xcassets */; };
		22BC486C281D51DD00A31EA5 /* Preview Assets.xcassets in Resources */ = {isa = PBXBuildFile; fileRef = 22BC486B281D51DD00A31EA5 /* Preview Assets.xcassets */; };
		22BC4873281D59E800A31EA5 /* MainView.swift in Sources */ = {isa = PBXBuildFile; fileRef = 22BC4872281D59E800A31EA5 /* MainView.swift */; };
/* End PBXBuildFile section */

/* Begin PBXFileReference section */
		22211C50281D699C00EF511E /* Extension_ButtonModifier.swift */ = {isa = PBXFileReference; lastKnownFileType = sourcecode.swift; path = Extension_ButtonModifier.swift; sourceTree = "<group>"; };
		22211C52281D6A6400EF511E /* StarterView.swift */ = {isa = PBXFileReference; lastKnownFileType = sourcecode.swift; path = StarterView.swift; sourceTree = "<group>"; };
		228E3B05281E5DE200D93520 /* TimeCounter.swift */ = {isa = PBXFileReference; lastKnownFileType = sourcecode.swift; path = TimeCounter.swift; sourceTree = "<group>"; };
		228E3B0B281E6B2600D93520 /* StorageManager.swift */ = {isa = PBXFileReference; lastKnownFileType = sourcecode.swift; path = StorageManager.swift; sourceTree = "<group>"; };
		22BC4861281D51DB00A31EA5 /* Lesson 3.3 TimeCounter.app */ = {isa = PBXFileReference; explicitFileType = wrapper.application; includeInIndex = 0; path = "Lesson 3.3 TimeCounter.app"; sourceTree = BUILT_PRODUCTS_DIR; };
		22BC4864281D51DB00A31EA5 /* Lesson_3_3_TimeCounterApp.swift */ = {isa = PBXFileReference; lastKnownFileType = sourcecode.swift; path = Lesson_3_3_TimeCounterApp.swift; sourceTree = "<group>"; };
		22BC4866281D51DB00A31EA5 /* LoginView.swift */ = {isa = PBXFileReference; lastKnownFileType = sourcecode.swift; path = LoginView.swift; sourceTree = "<group>"; };
		22BC4868281D51DD00A31EA5 /* Assets.xcassets */ = {isa = PBXFileReference; lastKnownFileType = folder.assetcatalog; path = Assets.xcassets; sourceTree = "<group>"; };
		22BC486B281D51DD00A31EA5 /* Preview Assets.xcassets */ = {isa = PBXFileReference; lastKnownFileType = folder.assetcatalog; path = "Preview Assets.xcassets"; sourceTree = "<group>"; };
		22BC4872281D59E800A31EA5 /* MainView.swift */ = {isa = PBXFileReference; lastKnownFileType = sourcecode.swift; path = MainView.swift; sourceTree = "<group>"; };
/* End PBXFileReference section */

/* Begin PBXFrameworksBuildPhase section */
		22BC485E281D51DB00A31EA5 /* Frameworks */ = {
			isa = PBXFrameworksBuildPhase;
			buildActionMask = 2147483647;
			files = (
			);
			runOnlyForDeploymentPostprocessing = 0;
		};
/* End PBXFrameworksBuildPhase section */

/* Begin PBXGroup section */
		22BC4858281D51DB00A31EA5 = {
			isa = PBXGroup;
			children = (
				22BC4863281D51DB00A31EA5 /* Lesson 3.3 TimeCounter */,
				22BC4862281D51DB00A31EA5 /* Products */,
			);
			sourceTree = "<group>";
		};
		22BC4862281D51DB00A31EA5 /* Products */ = {
			isa = PBXGroup;
			children = (
				22BC4861281D51DB00A31EA5 /* Lesson 3.3 TimeCounter.app */,
			);
			name = Products;
			sourceTree = "<group>";
		};
		22BC4863281D51DB00A31EA5 /* Lesson 3.3 TimeCounter */ = {
			isa = PBXGroup;
			children = (
				22BC4864281D51DB00A31EA5 /* Lesson_3_3_TimeCounterApp.swift */,
				22211C52281D6A6400EF511E /* StarterView.swift */,
				22BC4866281D51DB00A31EA5 /* LoginView.swift */,
				22BC4872281D59E800A31EA5 /* MainView.swift */,
				22211C50281D699C00EF511E /* Extension_ButtonModifier.swift */,
				228E3B05281E5DE200D93520 /* TimeCounter.swift */,
				228E3B0B281E6B2600D93520 /* StorageManager.swift */,
				22BC4868281D51DD00A31EA5 /* Assets.xcassets */,
				22BC486A281D51DD00A31EA5 /* Preview Content */,
			);
			path = "Lesson 3.3 TimeCounter";
			sourceTree = "<group>";
		};
		22BC486A281D51DD00A31EA5 /* Preview Content */ = {
			isa = PBXGroup;
			children = (
				22BC486B281D51DD00A31EA5 /* Preview Assets.xcassets */,
			);
			path = "Preview Content";
			sourceTree = "<group>";
		};
/* End PBXGroup section */

/* Begin PBXNativeTarget section */
		22BC4860281D51DB00A31EA5 /* Lesson 3.3 TimeCounter */ = {
			isa = PBXNativeTarget;
			buildConfigurationList = 22BC486F281D51DD00A31EA5 /* Build configuration list for PBXNativeTarget "Lesson 3.3 TimeCounter" */;
			buildPhases = (
				22BC485D281D51DB00A31EA5 /* Sources */,
				22BC485E281D51DB00A31EA5 /* Frameworks */,
				22BC485F281D51DB00A31EA5 /* Resources */,
			);
			buildRules = (
			);
			dependencies = (
			);
			name = "Lesson 3.3 TimeCounter";
			productName = "Lesson 3.3 TimeCounter";
			productReference = 22BC4861281D51DB00A31EA5 /* Lesson 3.3 TimeCounter.app */;
			productType = "com.apple.product-type.application";
		};
/* End PBXNativeTarget section */

/* Begin PBXProject section */
		22BC4859281D51DB00A31EA5 /* Project object */ = {
			isa = PBXProject;
			attributes = {
				BuildIndependentTargetsInParallel = 1;
				LastSwiftUpdateCheck = 1330;
				LastUpgradeCheck = 1330;
				TargetAttributes = {
					22BC4860281D51DB00A31EA5 = {
						CreatedOnToolsVersion = 13.3.1;
					};
				};
			};
			buildConfigurationList = 22BC485C281D51DB00A31EA5 /* Build configuration list for PBXProject "Lesson 3.3 TimeCounter" */;
			compatibilityVersion = "Xcode 13.0";
			developmentRegion = en;
			hasScannedForEncodings = 0;
			knownRegions = (
				en,
				Base,
			);
			mainGroup = 22BC4858281D51DB00A31EA5;
			productRefGroup = 22BC4862281D51DB00A31EA5 /* Products */;
			projectDirPath = "";
			projectRoot = "";
			targets = (
				22BC4860281D51DB00A31EA5 /* Lesson 3.3 TimeCounter */,
			);
		};
/* End PBXProject section */

/* Begin PBXResourcesBuildPhase section */
		22BC485F281D51DB00A31EA5 /* Resources */ = {
			isa = PBXResourcesBuildPhase;
			buildActionMask = 2147483647;
			files = (
				22BC486C281D51DD00A31EA5 /* Preview Assets.xcassets in Resources */,
				22BC4869281D51DD00A31EA5 /* Assets.xcassets in Resources */,
			);
			runOnlyForDeploymentPostprocessing = 0;
		};
/* End PBXResourcesBuildPhase section */

/* Begin PBXSourcesBuildPhase section */
		22BC485D281D51DB00A31EA5 /* Sources */ = {
			isa = PBXSourcesBuildPhase;
			buildActionMask = 2147483647;
			files = (
				22211C51281D699C00EF511E /* Extension_ButtonModifier.swift in Sources */,
				22211C53281D6A6400EF511E /* StarterView.swift in Sources */,
				22BC4873281D59E800A31EA5 /* MainView.swift in Sources */,
				228E3B0C281E6B2600D93520 /* StorageManager.swift in Sources */,
				22BC4867281D51DB00A31EA5 /* LoginView.swift in Sources */,
				228E3B06281E5DE200D93520 /* TimeCounter.swift in Sources */,
				22BC4865281D51DB00A31EA5 /* Lesson_3_3_TimeCounterApp.swift in Sources */,
			);
			runOnlyForDeploymentPostprocessing = 0;
		};
/* End PBXSourcesBuildPhase section */

/* Begin XCBuildConfiguration section */
		22BC486D281D51DD00A31EA5 /* Debug */ = {
			isa = XCBuildConfiguration;
			buildSettings = {
				ALWAYS_SEARCH_USER_PATHS = NO;
				CLANG_ANALYZER_NONNULL = YES;
				CLANG_ANALYZER_NUMBER_OBJECT_CONVERSION = YES_AGGRESSIVE;
				CLANG_CXX_LANGUAGE_STANDARD = "gnu++17";
				CLANG_ENABLE_MODULES = YES;
				CLANG_ENABLE_OBJC_ARC = YES;
				CLANG_ENABLE_OBJC_WEAK = YES;
				CLANG_WARN_BLOCK_CAPTURE_AUTORELEASING = YES;
				CLANG_WARN_BOOL_CONVERSION = YES;
				CLANG_WARN_COMMA = YES;
				CLANG_WARN_CONSTANT_CONVERSION = YES;
				CLANG_WARN_DEPRECATED_OBJC_IMPLEMENTATIONS = YES;
				CLANG_WARN_DIRECT_OBJC_ISA_USAGE = YES_ERROR;
				CLANG_WARN_DOCUMENTATION_COMMENTS = YES;
				CLANG_WARN_EMPTY_BODY = YES;
				CLANG_WARN_ENUM_CONVERSION = YES;
				CLANG_WARN_INFINITE_RECURSION = YES;
				CLANG_WARN_INT_CONVERSION = YES;
				CLANG_WARN_NON_LITERAL_NULL_CONVERSION = YES;
				CLANG_WARN_OBJC_IMPLICIT_RETAIN_SELF = YES;
				CLANG_WARN_OBJC_LITERAL_CONVERSION = YES;
				CLANG_WARN_OBJC_ROOT_CLASS = YES_ERROR;
				CLANG_WARN_QUOTED_INCLUDE_IN_FRAMEWORK_HEADER = YES;
				CLANG_WARN_RANGE_LOOP_ANALYSIS = YES;
				CLANG_WARN_STRICT_PROTOTYPES = YES;
				CLANG_WARN_SUSPICIOUS_MOVE = YES;
				CLANG_WARN_UNGUARDED_AVAILABILITY = YES_AGGRESSIVE;
				CLANG_WARN_UNREACHABLE_CODE = YES;
				CLANG_WARN__DUPLICATE_METHOD_MATCH = YES;
				COPY_PHASE_STRIP = NO;
				DEBUG_INFORMATION_FORMAT = dwarf;
				ENABLE_STRICT_OBJC_MSGSEND = YES;
				ENABLE_TESTABILITY = YES;
				GCC_C_LANGUAGE_STANDARD = gnu11;
				GCC_DYNAMIC_NO_PIC = NO;
				GCC_NO_COMMON_BLOCKS = YES;
				GCC_OPTIMIZATION_LEVEL = 0;
				GCC_PREPROCESSOR_DEFINITIONS = (
					"DEBUG=1",
					"$(inherited)",
				);
				GCC_WARN_64_TO_32_BIT_CONVERSION = YES;
				GCC_WARN_ABOUT_RETURN_TYPE = YES_ERROR;
				GCC_WARN_UNDECLARED_SELECTOR = YES;
				GCC_WARN_UNINITIALIZED_AUTOS = YES_AGGRESSIVE;
				GCC_WARN_UNUSED_FUNCTION = YES;
				GCC_WARN_UNUSED_VARIABLE = YES;
				IPHONEOS_DEPLOYMENT_TARGET = 15.4;
				MTL_ENABLE_DEBUG_INFO = INCLUDE_SOURCE;
				MTL_FAST_MATH = YES;
				ONLY_ACTIVE_ARCH = YES;
				SDKROOT = iphoneos;
				SWIFT_ACTIVE_COMPILATION_CONDITIONS = DEBUG;
				SWIFT_OPTIMIZATION_LEVEL = "-Onone";
			};
			name = Debug;
		};
		22BC486E281D51DD00A31EA5 /* Release */ = {
			isa = XCBuildConfiguration;
			buildSettings = {
				ALWAYS_SEARCH_USER_PATHS = NO;
				CLANG_ANALYZER_NONNULL = YES;
				CLANG_ANALYZER_NUMBER_OBJECT_CONVERSION = YES_AGGRESSIVE;
				CLANG_CXX_LANGUAGE_STANDARD = "gnu++17";
				CLANG_ENABLE_MODULES = YES;
				CLANG_ENABLE_OBJC_ARC = YES;
				CLANG_ENABLE_OBJC_WEAK = YES;
				CLANG_WARN_BLOCK_CAPTURE_AUTORELEASING = YES;
				CLANG_WARN_BOOL_CONVERSION = YES;
				CLANG_WARN_COMMA = YES;
				CLANG_WARN_CONSTANT_CONVERSION = YES;
				CLANG_WARN_DEPRECATED_OBJC_IMPLEMENTATIONS = YES;
				CLANG_WARN_DIRECT_OBJC_ISA_USAGE = YES_ERROR;
				CLANG_WARN_DOCUMENTATION_COMMENTS = YES;
				CLANG_WARN_EMPTY_BODY = YES;
				CLANG_WARN_ENUM_CONVERSION = YES;
				CLANG_WARN_INFINITE_RECURSION = YES;
				CLANG_WARN_INT_CONVERSION = YES;
				CLANG_WARN_NON_LITERAL_NULL_CONVERSION = YES;
				CLANG_WARN_OBJC_IMPLICIT_RETAIN_SELF = YES;
				CLANG_WARN_OBJC_LITERAL_CONVERSION = YES;
				CLANG_WARN_OBJC_ROOT_CLASS = YES_ERROR;
				CLANG_WARN_QUOTED_INCLUDE_IN_FRAMEWORK_HEADER = YES;
				CLANG_WARN_RANGE_LOOP_ANALYSIS = YES;
				CLANG_WARN_STRICT_PROTOTYPES = YES;
				CLANG_WARN_SUSPICIOUS_MOVE = YES;
				CLANG_WARN_UNGUARDED_AVAILABILITY = YES_AGGRESSIVE;
				CLANG_WARN_UNREACHABLE_CODE = YES;
				CLANG_WARN__DUPLICATE_METHOD_MATCH = YES;
				COPY_PHASE_STRIP = NO;
				DEBUG_INFORMATION_FORMAT = "dwarf-with-dsym";
				ENABLE_NS_ASSERTIONS = NO;
				ENABLE_STRICT_OBJC_MSGSEND = YES;
				GCC_C_LANGUAGE_STANDARD = gnu11;
				GCC_NO_COMMON_BLOCKS = YES;
				GCC_WARN_64_TO_32_BIT_CONVERSION = YES;
				GCC_WARN_ABOUT_RETURN_TYPE = YES_ERROR;
				GCC_WARN_UNDECLARED_SELECTOR = YES;
				GCC_WARN_UNINITIALIZED_AUTOS = YES_AGGRESSIVE;
				GCC_WARN_UNUSED_FUNCTION = YES;
				GCC_WARN_UNUSED_VARIABLE = YES;
				IPHONEOS_DEPLOYMENT_TARGET = 15.4;
				MTL_ENABLE_DEBUG_INFO = NO;
				MTL_FAST_MATH = YES;
				SDKROOT = iphoneos;
				SWIFT_COMPILATION_MODE = wholemodule;
				SWIFT_OPTIMIZATION_LEVEL = "-O";
				VALIDATE_PRODUCT = YES;
			};
			name = Release;
		};
		22BC4870281D51DD00A31EA5 /* Debug */ = {
			isa = XCBuildConfiguration;
			buildSettings = {
				ASSETCATALOG_COMPILER_APPICON_NAME = AppIcon;
				ASSETCATALOG_COMPILER_GLOBAL_ACCENT_COLOR_NAME = AccentColor;
				CODE_SIGN_STYLE = Automatic;
				CURRENT_PROJECT_VERSION = 1;
				DEVELOPMENT_ASSET_PATHS = "\"Lesson 3.3 TimeCounter/Preview Content\"";
				DEVELOPMENT_TEAM = PW697ZQRTK;
				ENABLE_PREVIEWS = YES;
				GENERATE_INFOPLIST_FILE = YES;
				INFOPLIST_KEY_UIApplicationSceneManifest_Generation = YES;
				INFOPLIST_KEY_UIApplicationSupportsIndirectInputEvents = YES;
				INFOPLIST_KEY_UILaunchScreen_Generation = YES;
				INFOPLIST_KEY_UISupportedInterfaceOrientations_iPad = "UIInterfaceOrientationPortrait UIInterfaceOrientationPortraitUpsideDown UIInterfaceOrientationLandscapeLeft UIInterfaceOrientationLandscapeRight";
				INFOPLIST_KEY_UISupportedInterfaceOrientations_iPhone = "UIInterfaceOrientationPortrait UIInterfaceOrientationLandscapeLeft UIInterfaceOrientationLandscapeRight";
				LD_RUNPATH_SEARCH_PATHS = (
					"$(inherited)",
					"@executable_path/Frameworks",
				);
				MARKETING_VERSION = 1.0;
				PRODUCT_BUNDLE_IDENTIFIER = "andreev.Lesson-3-3-TimeCounter";
				PRODUCT_NAME = "$(TARGET_NAME)";
				SWIFT_EMIT_LOC_STRINGS = YES;
				SWIFT_VERSION = 5.0;
				TARGETED_DEVICE_FAMILY = "1,2";
			};
			name = Debug;
		};
		22BC4871281D51DD00A31EA5 /* Release */ = {
			isa = XCBuildConfiguration;
			buildSettings = {
				ASSETCATALOG_COMPILER_APPICON_NAME = AppIcon;
				ASSETCATALOG_COMPILER_GLOBAL_ACCENT_COLOR_NAME = AccentColor;
				CODE_SIGN_STYLE = Automatic;
				CURRENT_PROJECT_VERSION = 1;
				DEVELOPMENT_ASSET_PATHS = "\"Lesson 3.3 TimeCounter/Preview Content\"";
				DEVELOPMENT_TEAM = PW697ZQRTK;
				ENABLE_PREVIEWS = YES;
				GENERATE_INFOPLIST_FILE = YES;
				INFOPLIST_KEY_UIApplicationSceneManifest_Generation = YES;
				INFOPLIST_KEY_UIApplicationSupportsIndirectInputEvents = YES;
				INFOPLIST_KEY_UILaunchScreen_Generation = YES;
				INFOPLIST_KEY_UISupportedInterfaceOrientations_iPad = "UIInterfaceOrientationPortrait UIInterfaceOrientationPortraitUpsideDown UIInterfaceOrientationLandscapeLeft UIInterfaceOrientationLandscapeRight";
				INFOPLIST_KEY_UISupportedInterfaceOrientations_iPhone = "UIInterfaceOrientationPortrait UIInterfaceOrientationLandscapeLeft UIInterfaceOrientationLandscapeRight";
				LD_RUNPATH_SEARCH_PATHS = (
					"$(inherited)",
					"@executable_path/Frameworks",
				);
				MARKETING_VERSION = 1.0;
				PRODUCT_BUNDLE_IDENTIFIER = "andreev.Lesson-3-3-TimeCounter";
				PRODUCT_NAME = "$(TARGET_NAME)";
				SWIFT_EMIT_LOC_STRINGS = YES;
				SWIFT_VERSION = 5.0;
				TARGETED_DEVICE_FAMILY = "1,2";
			};
			name = Release;
		};
/* End XCBuildConfiguration section */

/* Begin XCConfigurationList section */
		22BC485C281D51DB00A31EA5 /* Build configuration list for PBXProject "Lesson 3.3 TimeCounter" */ = {
			isa = XCConfigurationList;
			buildConfigurations = (
				22BC486D281D51DD00A31EA5 /* Debug */,
				22BC486E281D51DD00A31EA5 /* Release */,
			);
			defaultConfigurationIsVisible = 0;
			defaultConfigurationName = Release;
		};
		22BC486F281D51DD00A31EA5 /* Build configuration list for PBXNativeTarget "Lesson 3.3 TimeCounter" */ = {
			isa = XCConfigurationList;
			buildConfigurations = (
				22BC4870281D51DD00A31EA5 /* Debug */,
				22BC4871281D51DD00A31EA5 /* Release */,
			);
			defaultConfigurationIsVisible = 0;
			defaultConfigurationName = Release;
		};
/* End XCConfigurationList section */
	};
	rootObject = 22BC4859281D51DB00A31EA5 /* Project object */;
}
